{
  "name": "vue-input-latlng",
  "version": "2.0.0",
  "lockfileVersion": 1,
  "requires": true,
  "dependencies": {
    "vue": {
      "version": "2.6.10",
      "resolved": "https://registry.npm.taobao.org/vue/download/vue-2.6.10.tgz",
      "integrity": "sha1-pysaQqTYKnIepDjRtr9V5mGVxjc="
    },
    "vue-input-mask": {
      "version": "0.0.10",
      "resolved": "https://registry.npm.taobao.org/vue-input-mask/download/vue-input-mask-0.0.10.tgz",
      "integrity": "sha1-ZJExz7Av6xAt8qz/9FzCkfZ6Pvc=",
      "requires": {
        "vue": "^2.4.4"
      }
    }
  }
}
